
Microsoft Visual Studio Solution File, Format Version 12.00
# Visual Studio Version 16
VisualStudioVersion = 16.0.29418.71
MinimumVisualStudioVersion = 10.0.40219.1
Project("{FAE04EC0-301F-11D3-BF4B-00C04F79EFBC}") = "TestSuite", "TestSuite\TestSuite.csproj", "{31C3D3EB-21F9-4CD1-86DB-F2957C88853E}"
EndProject
Global
	GlobalSection(SolutionConfigurationPlatforms) = preSolution
		Debug|Any CPU = Debug|Any CPU
		Release|Any CPU = Release|Any CPU
	EndGlobalSection
	GlobalSection(ProjectConfigurationPlatforms) = postSolution
		{31C3D3EB-21F9-4CD1-86DB-F2957C88853E}.Debug|Any CPU.ActiveCfg = Debug|Any CPU
		{31C3D3EB-21F9-4CD1-86DB-F2957C88853E}.Debug|Any CPU.Build.0 = Debug|Any CPU
		{31C3D3EB-21F9-4CD1-86DB-F2957C88853E}.Release|Any CPU.ActiveCfg = Release|Any CPU
		{31C3D3EB-21F9-4CD1-86DB-F2957C88853E}.Release|Any CPU.Build.0 = Release|Any CPU
	EndGlobalSection
	GlobalSection(SolutionProperties) = preSolution
		HideSolutionNode = FALSE
	EndGlobalSection
	GlobalSection(ExtensibilityGlobals) = postSolution
		SolutionGuid = {65F11B03-AAE5-4D17-8F32-5BA40963C656}
	EndGlobalSection
EndGlobal
